
Microsoft Visual Studio Solution File, Format Version 12.00
# Visual Studio Version 17
VisualStudioVersion = 17.3.32811.315
MinimumVisualStudioVersion = 10.0.40219.1
Project("{FAE04EC0-301F-11D3-BF4B-00C04F79EFBC}") = "ObjectOrientedProgram1", "ObjectOrientedProgram1.csproj", "{ACE1FE47-846F-45E6-BCCF-AFAD02715C79}"
EndProject
Global
	GlobalSection(SolutionConfigurationPlatforms) = preSolution
		Debug|Any CPU = Debug|Any CPU
		Release|Any CPU = Release|Any CPU
	EndGlobalSection
	GlobalSection(ProjectConfigurationPlatforms) = postSolution
		{ACE1FE47-846F-45E6-BCCF-AFAD02715C79}.Debug|Any CPU.ActiveCfg = Debug|Any CPU
		{ACE1FE47-846F-45E6-BCCF-AFAD02715C79}.Debug|Any CPU.Build.0 = Debug|Any CPU
		{ACE1FE47-846F-45E6-BCCF-AFAD02715C79}.Release|Any CPU.ActiveCfg = Release|Any CPU
		{ACE1FE47-846F-45E6-BCCF-AFAD02715C79}.Release|Any CPU.Build.0 = Release|Any CPU
	EndGlobalSection
	GlobalSection(SolutionProperties) = preSolution
		HideSolutionNode = FALSE
	EndGlobalSection
	GlobalSection(ExtensibilityGlobals) = postSolution
		SolutionGuid = {D13EB417-A684-4BE1-B509-025FB03B0C65}
	EndGlobalSection
EndGlobal
